
Microsoft Visual Studio Solution File, Format Version 12.00
# Visual Studio Version 17
VisualStudioVersion = 17.3.32901.215
MinimumVisualStudioVersion = 10.0.40219.1
Project("{FAE04EC0-301F-11D3-BF4B-00C04F79EFBC}") = "LaBestiaNet", "LaBestiaNet.csproj", "{5F8220D6-D136-4769-B4AF-47E65C8FB120}"
EndProject
Global
	GlobalSection(SolutionConfigurationPlatforms) = preSolution
		Debug|Any CPU = Debug|Any CPU
		Release|Any CPU = Release|Any CPU
	EndGlobalSection
	GlobalSection(ProjectConfigurationPlatforms) = postSolution
		{5F8220D6-D136-4769-B4AF-47E65C8FB120}.Debug|Any CPU.ActiveCfg = Debug|Any CPU
		{5F8220D6-D136-4769-B4AF-47E65C8FB120}.Debug|Any CPU.Build.0 = Debug|Any CPU
		{5F8220D6-D136-4769-B4AF-47E65C8FB120}.Release|Any CPU.ActiveCfg = Release|Any CPU
		{5F8220D6-D136-4769-B4AF-47E65C8FB120}.Release|Any CPU.Build.0 = Release|Any CPU
	EndGlobalSection
	GlobalSection(SolutionProperties) = preSolution
		HideSolutionNode = FALSE
	EndGlobalSection
	GlobalSection(ExtensibilityGlobals) = postSolution
		SolutionGuid = {AF93C74B-FA7D-44B8-AC87-5F2948AFD4D8}
	EndGlobalSection
EndGlobal
